# This file is automatically @generated by Cargo.
# It is not intended for manual editing.
version = 3

[[package]]
name = "goxoy-address-parser"
version = "0.0.3"
source = "registry+https://github.com/rust-lang/crates.io-index"
checksum = "490c575dcd54ff3281e8e85d4abb0f1da7bd16b46fa6a44c6f903c2bcbc588b7"

[[package]]
name = "goxoy-socket-client"
version = "0.1.6"
source = "registry+https://github.com/rust-lang/crates.io-index"
checksum = "4fa454a18978fb88fa8e3514af507dc16593ee3ee35fab713d70015d372ca253"
dependencies = [
 "goxoy-address-parser",
]

[[package]]
name = "goxoy-socket-server"
version = "0.1.0"
dependencies = [
 "goxoy-address-parser",
 "goxoy-socket-client",
]
